apiVersion: security.kubearmor.com/v1
kind: KubeArmorPolicy
metadata:
  name: nginx-block
  namespace: default
spec:
  severity: 3
  selector:
    matchLabels:
      app: nginx
  file:
    matchPaths:
    - path: /usr/share/nginx/html/index.html
      action: Block
    - path: /usr/share/nginx/html/index.html
      fromSource:
      - path: /usr/sbin/nginx
      action: Allow
